
Microsoft Visual Studio Solution File, Format Version 12.00
# Visual Studio Version 17
VisualStudioVersion = 17.8.34525.116
MinimumVisualStudioVersion = 10.0.40219.1
Project("{9A19103F-16F7-4668-BE54-9A1E7A4F7556}") = "FlowMeter-WebService", "FlowMeter-WebService\FlowMeter-WebService.csproj", "{F7D24863-906F-4484-9D73-EAAC66BFA786}"
EndProject
Project("{FAE04EC0-301F-11D3-BF4B-00C04F79EFBC}") = "Core", "Core\Core.csproj", "{FA657F41-13D4-48A8-BD57-54C698A27CF0}"
EndProject
Project("{FAE04EC0-301F-11D3-BF4B-00C04F79EFBC}") = "Infrastructure", "Infrastructure\Infrastructure.csproj", "{B8ADACAF-C0FC-4BFF-90D4-BE4764CC6F77}"
EndProject
Project("{FAE04EC0-301F-11D3-BF4B-00C04F79EFBC}") = "Application", "Application\Application.csproj", "{083BE3D1-699D-4A10-8F75-2FAAB2D1E4C9}"
EndProject
Global
	GlobalSection(SolutionConfigurationPlatforms) = preSolution
		Debug|Any CPU = Debug|Any CPU
		Release|Any CPU = Release|Any CPU
	EndGlobalSection
	GlobalSection(ProjectConfigurationPlatforms) = postSolution
		{F7D24863-906F-4484-9D73-EAAC66BFA786}.Debug|Any CPU.ActiveCfg = Debug|Any CPU
		{F7D24863-906F-4484-9D73-EAAC66BFA786}.Debug|Any CPU.Build.0 = Debug|Any CPU
		{F7D24863-906F-4484-9D73-EAAC66BFA786}.Release|Any CPU.ActiveCfg = Release|Any CPU
		{F7D24863-906F-4484-9D73-EAAC66BFA786}.Release|Any CPU.Build.0 = Release|Any CPU
		{FA657F41-13D4-48A8-BD57-54C698A27CF0}.Debug|Any CPU.ActiveCfg = Debug|Any CPU
		{FA657F41-13D4-48A8-BD57-54C698A27CF0}.Debug|Any CPU.Build.0 = Debug|Any CPU
		{FA657F41-13D4-48A8-BD57-54C698A27CF0}.Release|Any CPU.ActiveCfg = Release|Any CPU
		{FA657F41-13D4-48A8-BD57-54C698A27CF0}.Release|Any CPU.Build.0 = Release|Any CPU
		{B8ADACAF-C0FC-4BFF-90D4-BE4764CC6F77}.Debug|Any CPU.ActiveCfg = Debug|Any CPU
		{B8ADACAF-C0FC-4BFF-90D4-BE4764CC6F77}.Debug|Any CPU.Build.0 = Debug|Any CPU
		{B8ADACAF-C0FC-4BFF-90D4-BE4764CC6F77}.Release|Any CPU.ActiveCfg = Release|Any CPU
		{B8ADACAF-C0FC-4BFF-90D4-BE4764CC6F77}.Release|Any CPU.Build.0 = Release|Any CPU
		{083BE3D1-699D-4A10-8F75-2FAAB2D1E4C9}.Debug|Any CPU.ActiveCfg = Debug|Any CPU
		{083BE3D1-699D-4A10-8F75-2FAAB2D1E4C9}.Debug|Any CPU.Build.0 = Debug|Any CPU
		{083BE3D1-699D-4A10-8F75-2FAAB2D1E4C9}.Release|Any CPU.ActiveCfg = Release|Any CPU
		{083BE3D1-699D-4A10-8F75-2FAAB2D1E4C9}.Release|Any CPU.Build.0 = Release|Any CPU
	EndGlobalSection
	GlobalSection(SolutionProperties) = preSolution
		HideSolutionNode = FALSE
	EndGlobalSection
	GlobalSection(ExtensibilityGlobals) = postSolution
		SolutionGuid = {66FBC6ED-8D54-47F9-8F52-738EE992A93B}
	EndGlobalSection
EndGlobal
